
Microsoft Visual Studio Solution File, Format Version 12.00
# Visual Studio 15
VisualStudioVersion = 15.0.26906.1
MinimumVisualStudioVersion = 10.0.40219.1
Project("{9092AA53-FB77-4645-B42D-1CCCA6BD08BD}") = "SmartHotel.Services.Suggestions", "SmartHotel.Services.Suggestions\SmartHotel.Services.Suggestions.njsproj", "{BF3E058D-DF95-4889-93E8-ABBCC49CAC51}"
EndProject
Global
	GlobalSection(SolutionConfigurationPlatforms) = preSolution
		Debug|Any CPU = Debug|Any CPU
		Release|Any CPU = Release|Any CPU
	EndGlobalSection
	GlobalSection(ProjectConfigurationPlatforms) = postSolution
		{BF3E058D-DF95-4889-93E8-ABBCC49CAC51}.Debug|Any CPU.ActiveCfg = Debug|Any CPU
		{BF3E058D-DF95-4889-93E8-ABBCC49CAC51}.Debug|Any CPU.Build.0 = Debug|Any CPU
		{BF3E058D-DF95-4889-93E8-ABBCC49CAC51}.Release|Any CPU.ActiveCfg = Release|Any CPU
		{BF3E058D-DF95-4889-93E8-ABBCC49CAC51}.Release|Any CPU.Build.0 = Release|Any CPU
	EndGlobalSection
	GlobalSection(SolutionProperties) = preSolution
		HideSolutionNode = FALSE
	EndGlobalSection
	GlobalSection(ExtensibilityGlobals) = postSolution
		SolutionGuid = {933FEDCF-7FD8-4BE2-A7E4-9D687989D7F2}
	EndGlobalSection
EndGlobal
