
Microsoft Visual Studio Solution File, Format Version 12.00
# Visual Studio 15
VisualStudioVersion = 15.0.26730.10
MinimumVisualStudioVersion = 10.0.40219.1
Project("{9A19103F-16F7-4668-BE54-9A1E7A4F7556}") = "SmartHotel.Services.Hotels", "SmartHotel.Services.Hotels\SmartHotel.Services.Hotels.csproj", "{9B8AE4E7-BBA6-4BAC-B3DD-2A665F21F265}"
EndProject
Project("{9A19103F-16F7-4668-BE54-9A1E7A4F7556}") = "SmartHotel.Services.Seedwork", "SmartHotel.Services.Seedwork\SmartHotel.Services.Seedwork.csproj", "{1AF23848-7B86-4348-BF67-5838BBAA262C}"
EndProject
Global
	GlobalSection(SolutionConfigurationPlatforms) = preSolution
		Debug|Any CPU = Debug|Any CPU
		Release|Any CPU = Release|Any CPU
	EndGlobalSection
	GlobalSection(ProjectConfigurationPlatforms) = postSolution
		{9B8AE4E7-BBA6-4BAC-B3DD-2A665F21F265}.Debug|Any CPU.ActiveCfg = Debug|Any CPU
		{9B8AE4E7-BBA6-4BAC-B3DD-2A665F21F265}.Debug|Any CPU.Build.0 = Debug|Any CPU
		{9B8AE4E7-BBA6-4BAC-B3DD-2A665F21F265}.Release|Any CPU.ActiveCfg = Release|Any CPU
		{9B8AE4E7-BBA6-4BAC-B3DD-2A665F21F265}.Release|Any CPU.Build.0 = Release|Any CPU
		{1AF23848-7B86-4348-BF67-5838BBAA262C}.Debug|Any CPU.ActiveCfg = Debug|Any CPU
		{1AF23848-7B86-4348-BF67-5838BBAA262C}.Debug|Any CPU.Build.0 = Debug|Any CPU
		{1AF23848-7B86-4348-BF67-5838BBAA262C}.Release|Any CPU.ActiveCfg = Release|Any CPU
		{1AF23848-7B86-4348-BF67-5838BBAA262C}.Release|Any CPU.Build.0 = Release|Any CPU
	EndGlobalSection
	GlobalSection(SolutionProperties) = preSolution
		HideSolutionNode = FALSE
	EndGlobalSection
	GlobalSection(ExtensibilityGlobals) = postSolution
		SolutionGuid = {0ADF6C02-0CEE-4336-A462-27BB66348230}
	EndGlobalSection
EndGlobal
