
Microsoft Visual Studio Solution File, Format Version 12.00
# Visual Studio 15
VisualStudioVersion = 15.0.27019.1
MinimumVisualStudioVersion = 10.0.40219.1
Project("{9A19103F-16F7-4668-BE54-9A1E7A4F7556}") = "SmartHotel.Services.Discount", "SmartHotel.Services.Discount\SmartHotel.Services.Discount.csproj", "{35DF83D1-5B13-4924-8895-82CFB5F1437C}"
EndProject
Global
	GlobalSection(SolutionConfigurationPlatforms) = preSolution
		Debug|Any CPU = Debug|Any CPU
		Release|Any CPU = Release|Any CPU
	EndGlobalSection
	GlobalSection(ProjectConfigurationPlatforms) = postSolution
		{35DF83D1-5B13-4924-8895-82CFB5F1437C}.Debug|Any CPU.ActiveCfg = Debug|Any CPU
		{35DF83D1-5B13-4924-8895-82CFB5F1437C}.Debug|Any CPU.Build.0 = Debug|Any CPU
		{35DF83D1-5B13-4924-8895-82CFB5F1437C}.Release|Any CPU.ActiveCfg = Release|Any CPU
		{35DF83D1-5B13-4924-8895-82CFB5F1437C}.Release|Any CPU.Build.0 = Release|Any CPU
	EndGlobalSection
	GlobalSection(SolutionProperties) = preSolution
		HideSolutionNode = FALSE
	EndGlobalSection
	GlobalSection(ExtensibilityGlobals) = postSolution
		SolutionGuid = {1F95F2BD-AC45-4590-B850-1C3F9C1055DD}
	EndGlobalSection
EndGlobal
